// !$*UTF8*$!
{
	archiveVersion = 1;
	classes = {
	};
	objectVersion = 46;
	objects = {

/* Begin PBXBuildFile section */
		A41CFF5D1ABB0AC2004326F6 /* UIColor+HexColor.m in Sources */ = {isa = PBXBuildFile; fileRef = A41CFF581ABB0AC2004326F6 /* UIColor+HexColor.m */; };
		A41CFF5E1ABB0AC2004326F6 /* VBPieChart.m in Sources */ = {isa = PBXBuildFile; fileRef = A41CFF5A1ABB0AC2004326F6 /* VBPieChart.m */; };
		A41CFF5F1ABB0AC2004326F6 /* VBPiePiece.m in Sources */ = {isa = PBXBuildFile; fileRef = A41CFF5C1ABB0AC2004326F6 /* VBPiePiece.m */; };
		A41EA5911AB12E9500356BAF /* addGoalViewController.m in Sources */ = {isa = PBXBuildFile; fileRef = A41EA58F1AB12E9500356BAF /* addGoalViewController.m */; };
		A41EA5921AB12E9500356BAF /* addGoalViewController.xib in Resources */ = {isa = PBXBuildFile; fileRef = A41EA5901AB12E9500356BAF /* addGoalViewController.xib */; };
		A41EA5A91AB1667100356BAF /* ATCAnimatedTransitioning.m in Sources */ = {isa = PBXBuildFile; fileRef = A41EA59E1AB1667100356BAF /* ATCAnimatedTransitioning.m */; };
		A41EA5AA1AB1667100356BAF /* ATCAnimatedTransitioningBounce.m in Sources */ = {isa = PBXBuildFile; fileRef = A41EA5A01AB1667100356BAF /* ATCAnimatedTransitioningBounce.m */; };
		A41EA5AB1AB1667100356BAF /* ATCAnimatedTransitioningFade.m in Sources */ = {isa = PBXBuildFile; fileRef = A41EA5A21AB1667100356BAF /* ATCAnimatedTransitioningFade.m */; };
		A41EA5AC1AB1667100356BAF /* ATCAnimatedTransitioningFloat.m in Sources */ = {isa = PBXBuildFile; fileRef = A41EA5A41AB1667100356BAF /* ATCAnimatedTransitioningFloat.m */; };
		A41EA5AD1AB1667100356BAF /* ATCAnimatedTransitioningSquish.m in Sources */ = {isa = PBXBuildFile; fileRef = A41EA5A61AB1667100356BAF /* ATCAnimatedTransitioningSquish.m */; };
		A41EA5AE1AB1667100356BAF /* ATCTransitioningDelegate.m in Sources */ = {isa = PBXBuildFile; fileRef = A41EA5A81AB1667100356BAF /* ATCTransitioningDelegate.m */; };
		A43109E01AB2A4CD00AF2D80 /* CustomDatePickerActionSheet.m in Sources */ = {isa = PBXBuildFile; fileRef = A43109DF1AB2A4CD00AF2D80 /* CustomDatePickerActionSheet.m */; };
		A43109E51AB2A57300AF2D80 /* CustomDatePickerViewController.m in Sources */ = {isa = PBXBuildFile; fileRef = A43109E31AB2A57300AF2D80 /* CustomDatePickerViewController.m */; };
		A43109E61AB2A57300AF2D80 /* CustomDatePickerViewController.xib in Resources */ = {isa = PBXBuildFile; fileRef = A43109E41AB2A57300AF2D80 /* CustomDatePickerViewController.xib */; };
		A43BC6101ABDA95E00A48D0B /* settingViewController.m in Sources */ = {isa = PBXBuildFile; fileRef = A43BC60E1ABDA95E00A48D0B /* settingViewController.m */; };
		A43BC6111ABDA95E00A48D0B /* settingViewController.xib in Resources */ = {isa = PBXBuildFile; fileRef = A43BC60F1ABDA95E00A48D0B /* settingViewController.xib */; };
		A4528E171AC1325D001E9125 /* FacebookConnection.framework in Frameworks */ = {isa = PBXBuildFile; fileRef = A4528DF91AC1325D001E9125 /* FacebookConnection.framework */; };
		A4528E181AC1325D001E9125 /* QQConnection.framework in Frameworks */ = {isa = PBXBuildFile; fileRef = A4528DFA1AC1325D001E9125 /* QQConnection.framework */; };
		A4528E191AC1325D001E9125 /* QZoneConnection.framework in Frameworks */ = {isa = PBXBuildFile; fileRef = A4528DFB1AC1325D001E9125 /* QZoneConnection.framework */; };
		A4528E1A1AC1325D001E9125 /* SinaWeiboConnection.framework in Frameworks */ = {isa = PBXBuildFile; fileRef = A4528DFC1AC1325D001E9125 /* SinaWeiboConnection.framework */; };
		A4528E1B1AC1325D001E9125 /* TwitterConnection.framework in Frameworks */ = {isa = PBXBuildFile; fileRef = A4528DFD1AC1325D001E9125 /* TwitterConnection.framework */; };
		A4528E1C1AC1325D001E9125 /* WeChatConnection.framework in Frameworks */ = {isa = PBXBuildFile; fileRef = A4528DFE1AC1325D001E9125 /* WeChatConnection.framework */; };
		A4528E1D1AC1325D001E9125 /* AGCommon.framework in Frameworks */ = {isa = PBXBuildFile; fileRef = A4528E001AC1325D001E9125 /* AGCommon.framework */; };
		A4528E1E1AC1325D001E9125 /* ShareSDKLocalizable.strings in Resources */ = {isa = PBXBuildFile; fileRef = A4528E011AC1325D001E9125 /* ShareSDKLocalizable.strings */; };
		A4528E1F1AC1325D001E9125 /* Resource.bundle in Resources */ = {isa = PBXBuildFile; fileRef = A4528E031AC1325D001E9125 /* Resource.bundle */; };
		A4528E201AC1325D001E9125 /* ShareSDKCoreService.framework in Frameworks */ = {isa = PBXBuildFile; fileRef = A4528E041AC1325D001E9125 /* ShareSDKCoreService.framework */; };
		A4528E211AC1325D001E9125 /* TencentOpenAPI.framework in Frameworks */ = {isa = PBXBuildFile; fileRef = A4528E081AC1325D001E9125 /* TencentOpenAPI.framework */; };
		A4528E221AC1325D001E9125 /* TencentOpenApi_IOS_Bundle.bundle in Resources */ = {isa = PBXBuildFile; fileRef = A4528E091AC1325D001E9125 /* TencentOpenApi_IOS_Bundle.bundle */; };
		A4528E231AC1325D001E9125 /* libWeiboSDK.a in Frameworks */ = {isa = PBXBuildFile; fileRef = A4528E0B1AC1325D001E9125 /* libWeiboSDK.a */; };
		A4528E241AC1325D001E9125 /* WeiboSDK.bundle in Resources */ = {isa = PBXBuildFile; fileRef = A4528E0C1AC1325D001E9125 /* WeiboSDK.bundle */; };
		A4528E251AC1325D001E9125 /* libWeChatSDK.a in Frameworks */ = {isa = PBXBuildFile; fileRef = A4528E0F1AC1325D001E9125 /* libWeChatSDK.a */; };
		A4528E261AC1325D001E9125 /* ShareSDK.framework in Frameworks */ = {isa = PBXBuildFile; fileRef = A4528E121AC1325D001E9125 /* ShareSDK.framework */; };
		A4528E271AC1325D001E9125 /* ShareSDKFlatShareViewUI.bundle in Resources */ = {isa = PBXBuildFile; fileRef = A4528E141AC1325D001E9125 /* ShareSDKFlatShareViewUI.bundle */; };
		A4528E281AC1325D001E9125 /* ShareSDKFlatShareViewUI.framework in Frameworks */ = {isa = PBXBuildFile; fileRef = A4528E151AC1325D001E9125 /* ShareSDKFlatShareViewUI.framework */; };
		A4528E291AC1325D001E9125 /* ShareSDKShareActionSheet.framework in Frameworks */ = {isa = PBXBuildFile; fileRef = A4528E161AC1325D001E9125 /* ShareSDKShareActionSheet.framework */; };
		A4528E2B1AC13292001E9125 /* SystemConfiguration.framework in Frameworks */ = {isa = PBXBuildFile; fileRef = A4528E2A1AC13292001E9125 /* SystemConfiguration.framework */; };
		A4528E2D1AC132A0001E9125 /* QuartzCore.framework in Frameworks */ = {isa = PBXBuildFile; fileRef = A4528E2C1AC132A0001E9125 /* QuartzCore.framework */; };
		A4528E2F1AC132AB001E9125 /* CoreTelephony.framework in Frameworks */ = {isa = PBXBuildFile; fileRef = A4528E2E1AC132AB001E9125 /* CoreTelephony.framework */; };
		A4528E311AC132B9001E9125 /* libicucore.dylib in Frameworks */ = {isa = PBXBuildFile; fileRef = A4528E301AC132B9001E9125 /* libicucore.dylib */; };
		A4528E331AC132C3001E9125 /* libz.1.2.5.dylib in Frameworks */ = {isa = PBXBuildFile; fileRef = A4528E321AC132C3001E9125 /* libz.1.2.5.dylib */; };
		A4528E351AC132CA001E9125 /* Security.framework in Frameworks */ = {isa = PBXBuildFile; fileRef = A4528E341AC132CA001E9125 /* Security.framework */; };
		A4528E371AC132D4001E9125 /* ImageIO.framework in Frameworks */ = {isa = PBXBuildFile; fileRef = A4528E361AC132D4001E9125 /* ImageIO.framework */; };
		A4528E391AC132F1001E9125 /* libstdc++.dylib in Frameworks */ = {isa = PBXBuildFile; fileRef = A4528E381AC132F1001E9125 /* libstdc++.dylib */; };
		A4528E4D1AC145A5001E9125 /* myTabbarViewController.m in Sources */ = {isa = PBXBuildFile; fileRef = A4528E4C1AC145A5001E9125 /* myTabbarViewController.m */; };
		A4528E591AC15080001E9125 /* 右翻页.png in Resources */ = {isa = PBXBuildFile; fileRef = A4528E571AC15080001E9125 /* 右翻页.png */; };
		A4528E5A1AC15080001E9125 /* 左翻页.png in Resources */ = {isa = PBXBuildFile; fileRef = A4528E581AC15080001E9125 /* 左翻页.png */; };
		A4528E601AC150BA001E9125 /* 100X100红.png in Resources */ = {isa = PBXBuildFile; fileRef = A4528E5B1AC150BA001E9125 /* 100X100红.png */; };
		A4528E611AC150BA001E9125 /* 100X100绿.png in Resources */ = {isa = PBXBuildFile; fileRef = A4528E5C1AC150BA001E9125 /* 100X100绿.png */; };
		A4528E621AC150BA001E9125 /* 提醒-2.png in Resources */ = {isa = PBXBuildFile; fileRef = A4528E5D1AC150BA001E9125 /* 提醒-2.png */; };
		A4528E631AC150BA001E9125 /* 提醒-无.png in Resources */ = {isa = PBXBuildFile; fileRef = A4528E5E1AC150BA001E9125 /* 提醒-无.png */; };
		A4528E641AC150BA001E9125 /* 提醒1.png in Resources */ = {isa = PBXBuildFile; fileRef = A4528E5F1AC150BA001E9125 /* 提醒1.png */; };
		A4528E661AC155A8001E9125 /* 100 x 100px 圆圈.png in Resources */ = {isa = PBXBuildFile; fileRef = A4528E651AC155A8001E9125 /* 100 x 100px 圆圈.png */; };
		A4528E6B1AC1673C001E9125 /* 紧迫-无100x100.png in Resources */ = {isa = PBXBuildFile; fileRef = A4528E671AC1673C001E9125 /* 紧迫-无100x100.png */; };
		A4528E6C1AC1673C001E9125 /* 紧迫100x100.png in Resources */ = {isa = PBXBuildFile; fileRef = A4528E681AC1673C001E9125 /* 紧迫100x100.png */; };
		A4528E6D1AC1673C001E9125 /* 超前-无100x100.png in Resources */ = {isa = PBXBuildFile; fileRef = A4528E691AC1673C001E9125 /* 超前-无100x100.png */; };
		A4528E6E1AC1673C001E9125 /* 超前100x100.png in Resources */ = {isa = PBXBuildFile; fileRef = A4528E6A1AC1673C001E9125 /* 超前100x100.png */; };
		A4528E711AC16997001E9125 /* 加.png in Resources */ = {isa = PBXBuildFile; fileRef = A4528E6F1AC16997001E9125 /* 加.png */; };
		A4528E721AC16997001E9125 /* 设置.png in Resources */ = {isa = PBXBuildFile; fileRef = A4528E701AC16997001E9125 /* 设置.png */; };
		A460DCA31AB6A29800B526C4 /* GoalObj.m in Sources */ = {isa = PBXBuildFile; fileRef = A460DCA21AB6A29800B526C4 /* GoalObj.m */; };
		A46E49BC1AAF34B3008B9EF7 /* skip.png in Resources */ = {isa = PBXBuildFile; fileRef = A46E49BB1AAF34B3008B9EF7 /* skip.png */; };
		A47DABFA1AAEC9080032D2F5 /* NSMutableArray+SWUtilityButtons.m in Sources */ = {isa = PBXBuildFile; fileRef = A47DABEF1AAEC9080032D2F5 /* NSMutableArray+SWUtilityButtons.m */; };
		A47DABFB1AAEC9080032D2F5 /* SWCellScrollView.m in Sources */ = {isa = PBXBuildFile; fileRef = A47DABF11AAEC9080032D2F5 /* SWCellScrollView.m */; };
		A47DABFC1AAEC9080032D2F5 /* SWLongPressGestureRecognizer.m in Sources */ = {isa = PBXBuildFile; fileRef = A47DABF31AAEC9080032D2F5 /* SWLongPressGestureRecognizer.m */; };
		A47DABFD1AAEC9080032D2F5 /* SWTableViewCell.m in Sources */ = {isa = PBXBuildFile; fileRef = A47DABF51AAEC9080032D2F5 /* SWTableViewCell.m */; };
		A47DABFE1AAEC9080032D2F5 /* SWUtilityButtonTapGestureRecognizer.m in Sources */ = {isa = PBXBuildFile; fileRef = A47DABF71AAEC9080032D2F5 /* SWUtilityButtonTapGestureRecognizer.m */; };
		A47DABFF1AAEC9080032D2F5 /* SWUtilityButtonView.m in Sources */ = {isa = PBXBuildFile; fileRef = A47DABF91AAEC9080032D2F5 /* SWUtilityButtonView.m */; };
		A47DAC0A1AAED6E70032D2F5 /* startNow.png in Resources */ = {isa = PBXBuildFile; fileRef = A47DAC091AAED6E70032D2F5 /* startNow.png */; };
		A47DAC101AAEEDFA0032D2F5 /* PieSliceLayer.m in Sources */ = {isa = PBXBuildFile; fileRef = A47DAC0D1AAEEDFA0032D2F5 /* PieSliceLayer.m */; };
		A47DAC111AAEEDFA0032D2F5 /* PieView.m in Sources */ = {isa = PBXBuildFile; fileRef = A47DAC0F1AAEEDFA0032D2F5 /* PieView.m */; };
		A47DAC141AAEEE770032D2F5 /* MyCustomTableViewCell.m in Sources */ = {isa = PBXBuildFile; fileRef = A47DAC131AAEEE770032D2F5 /* MyCustomTableViewCell.m */; };
		A4C327431AB011390062114E /* CycleView.m in Sources */ = {isa = PBXBuildFile; fileRef = A4C327421AB011390062114E /* CycleView.m */; };
		A4C327501AB0279E0062114E /* FMDatabase.m in Sources */ = {isa = PBXBuildFile; fileRef = A4C327461AB0279E0062114E /* FMDatabase.m */; };
		A4C327511AB0279E0062114E /* FMDatabaseAdditions.m in Sources */ = {isa = PBXBuildFile; fileRef = A4C327481AB0279E0062114E /* FMDatabaseAdditions.m */; };
		A4C327521AB0279E0062114E /* FMDatabasePool.m in Sources */ = {isa = PBXBuildFile; fileRef = A4C3274A1AB0279E0062114E /* FMDatabasePool.m */; };
		A4C327531AB0279E0062114E /* FMDatabaseQueue.m in Sources */ = {isa = PBXBuildFile; fileRef = A4C3274C1AB0279E0062114E /* FMDatabaseQueue.m */; };
		A4C327541AB0279E0062114E /* FMResultSet.m in Sources */ = {isa = PBXBuildFile; fileRef = A4C3274F1AB0279E0062114E /* FMResultSet.m */; };
		A4C327561AB027CE0062114E /* libsqlite3.dylib in Frameworks */ = {isa = PBXBuildFile; fileRef = A4C327551AB027CE0062114E /* libsqlite3.dylib */; };
		A4C7A8EE1AC00C69008588E9 /* UMSocialLocalizable.strings in Resources */ = {isa = PBXBuildFile; fileRef = A4C7A8C31AC00C69008588E9 /* UMSocialLocalizable.strings */; };
		A4C7A8EF1AC00C69008588E9 /* libMobClickLibrary.a in Frameworks */ = {isa = PBXBuildFile; fileRef = A4C7A8D11AC00C69008588E9 /* libMobClickLibrary.a */; };
		A4E2AC961ABB00EB00F06199 /* ThirdVCViewController.m in Sources */ = {isa = PBXBuildFile; fileRef = A4E2AC951ABB00EB00F06199 /* ThirdVCViewController.m */; };
		A4F967EE1AAE813800436FE4 /* main.m in Sources */ = {isa = PBXBuildFile; fileRef = A4F967ED1AAE813800436FE4 /* main.m */; };
		A4F967F11AAE813800436FE4 /* AppDelegate.m in Sources */ = {isa = PBXBuildFile; fileRef = A4F967F01AAE813800436FE4 /* AppDelegate.m */; };
		A4F967F41AAE813800436FE4 /* FirstViewController.m in Sources */ = {isa = PBXBuildFile; fileRef = A4F967F31AAE813800436FE4 /* FirstViewController.m */; };
		A4F967F71AAE813800436FE4 /* SecondViewController.m in Sources */ = {isa = PBXBuildFile; fileRef = A4F967F61AAE813800436FE4 /* SecondViewController.m */; };
		A4F967FA1AAE813800436FE4 /* Main.storyboard in Resources */ = {isa = PBXBuildFile; fileRef = A4F967F81AAE813800436FE4 /* Main.storyboard */; };
		A4F967FC1AAE813800436FE4 /* Images.xcassets in Resources */ = {isa = PBXBuildFile; fileRef = A4F967FB1AAE813800436FE4 /* Images.xcassets */; };
		A4F967FF1AAE813800436FE4 /* LaunchScreen.xib in Resources */ = {isa = PBXBuildFile; fileRef = A4F967FD1AAE813800436FE4 /* LaunchScreen.xib */; };
		A4F9680B1AAE813800436FE4 /* AnyGoalsTests.m in Sources */ = {isa = PBXBuildFile; fileRef = A4F9680A1AAE813800436FE4 /* AnyGoalsTests.m */; };
		A4F968191AAEBA8200436FE4 /* 0.png in Resources */ = {isa = PBXBuildFile; fileRef = A4F968151AAEBA8200436FE4 /* 0.png */; };
		A4F9681A1AAEBA8200436FE4 /* 1.png in Resources */ = {isa = PBXBuildFile; fileRef = A4F968161AAEBA8200436FE4 /* 1.png */; };
		A4F9681B1AAEBA8200436FE4 /* 2.png in Resources */ = {isa = PBXBuildFile; fileRef = A4F968171AAEBA8200436FE4 /* 2.png */; };
		A4F9681C1AAEBA8200436FE4 /* 3.png in Resources */ = {isa = PBXBuildFile; fileRef = A4F968181AAEBA8200436FE4 /* 3.png */; };
/* End PBXBuildFile section */

/* Begin PBXContainerItemProxy section */
		A4F968051AAE813800436FE4 /* PBXContainerItemProxy */ = {
			isa = PBXContainerItemProxy;
			containerPortal = A4F967E01AAE813800436FE4 /* Project object */;
			proxyType = 1;
			remoteGlobalIDString = A4F967E71AAE813800436FE4;
			remoteInfo = AnyGoals;
		};
/* End PBXContainerItemProxy section */

/* Begin PBXFileReference section */
		A41CFF571ABB0AC2004326F6 /* UIColor+HexColor.h */ = {isa = PBXFileReference; fileEncoding = 4; lastKnownFileType = sourcecode.c.h; path = "UIColor+HexColor.h"; sourceTree = "<group>"; };
		A41CFF581ABB0AC2004326F6 /* UIColor+HexColor.m */ = {isa = PBXFileReference; fileEncoding = 4; lastKnownFileType = sourcecode.c.objc; path = "UIColor+HexColor.m"; sourceTree = "<group>"; };
		A41CFF591ABB0AC2004326F6 /* VBPieChart.h */ = {isa = PBXFileReference; fileEncoding = 4; lastKnownFileType = sourcecode.c.h; path = VBPieChart.h; sourceTree = "<group>"; };
		A41CFF5A1ABB0AC2004326F6 /* VBPieChart.m */ = {isa = PBXFileReference; fileEncoding = 4; lastKnownFileType = sourcecode.c.objc; path = VBPieChart.m; sourceTree = "<group>"; };
		A41CFF5B1ABB0AC2004326F6 /* VBPiePiece.h */ = {isa = PBXFileReference; fileEncoding = 4; lastKnownFileType = sourcecode.c.h; path = VBPiePiece.h; sourceTree = "<group>"; };
		A41CFF5C1ABB0AC2004326F6 /* VBPiePiece.m */ = {isa = PBXFileReference; fileEncoding = 4; lastKnownFileType = sourcecode.c.objc; path = VBPiePiece.m; sourceTree = "<group>"; };
		A41EA58E1AB12E9500356BAF /* addGoalViewController.h */ = {isa = PBXFileReference; fileEncoding = 4; lastKnownFileType = sourcecode.c.h; path = addGoalViewController.h; sourceTree = "<group>"; };
		A41EA58F1AB12E9500356BAF /* addGoalViewController.m */ = {isa = PBXFileReference; fileEncoding = 4; lastKnownFileType = sourcecode.c.objc; path = addGoalViewController.m; sourceTree = "<group>"; };
		A41EA5901AB12E9500356BAF /* addGoalViewController.xib */ = {isa = PBXFileReference; fileEncoding = 4; lastKnownFileType = file.xib; path = addGoalViewController.xib; sourceTree = "<group>"; };
		A41EA59D1AB1667100356BAF /* ATCAnimatedTransitioning.h */ = {isa = PBXFileReference; fileEncoding = 4; lastKnownFileType = sourcecode.c.h; path = ATCAnimatedTransitioning.h; sourceTree = "<group>"; };
		A41EA59E1AB1667100356BAF /* ATCAnimatedTransitioning.m */ = {isa = PBXFileReference; fileEncoding = 4; lastKnownFileType = sourcecode.c.objc; path = ATCAnimatedTransitioning.m; sourceTree = "<group>"; };
		A41EA59F1AB1667100356BAF /* ATCAnimatedTransitioningBounce.h */ = {isa = PBXFileReference; fileEncoding = 4; lastKnownFileType = sourcecode.c.h; path = ATCAnimatedTransitioningBounce.h; sourceTree = "<group>"; };
		A41EA5A01AB1667100356BAF /* ATCAnimatedTransitioningBounce.m */ = {isa = PBXFileReference; fileEncoding = 4; lastKnownFileType = sourcecode.c.objc; path = ATCAnimatedTransitioningBounce.m; sourceTree = "<group>"; };
		A41EA5A11AB1667100356BAF /* ATCAnimatedTransitioningFade.h */ = {isa = PBXFileReference; fileEncoding = 4; lastKnownFileType = sourcecode.c.h; path = ATCAnimatedTransitioningFade.h; sourceTree = "<group>"; };
		A41EA5A21AB1667100356BAF /* ATCAnimatedTransitioningFade.m */ = {isa = PBXFileReference; fileEncoding = 4; lastKnownFileType = sourcecode.c.objc; path = ATCAnimatedTransitioningFade.m; sourceTree = "<group>"; };
		A41EA5A31AB1667100356BAF /* ATCAnimatedTransitioningFloat.h */ = {isa = PBXFileReference; fileEncoding = 4; lastKnownFileType = sourcecode.c.h; path = ATCAnimatedTransitioningFloat.h; sourceTree = "<group>"; };
		A41EA5A41AB1667100356BAF /* ATCAnimatedTransitioningFloat.m */ = {isa = PBXFileReference; fileEncoding = 4; lastKnownFileType = sourcecode.c.objc; path = ATCAnimatedTransitioningFloat.m; sourceTree = "<group>"; };
		A41EA5A51AB1667100356BAF /* ATCAnimatedTransitioningSquish.h */ = {isa = PBXFileReference; fileEncoding = 4; lastKnownFileType = sourcecode.c.h; path = ATCAnimatedTransitioningSquish.h; sourceTree = "<group>"; };
		A41EA5A61AB1667100356BAF /* ATCAnimatedTransitioningSquish.m */ = {isa = PBXFileReference; fileEncoding = 4; lastKnownFileType = sourcecode.c.objc; path = ATCAnimatedTransitioningSquish.m; sourceTree = "<group>"; };
		A41EA5A71AB1667100356BAF /* ATCTransitioningDelegate.h */ = {isa = PBXFileReference; fileEncoding = 4; lastKnownFileType = sourcecode.c.h; path = ATCTransitioningDelegate.h; sourceTree = "<group>"; };
		A41EA5A81AB1667100356BAF /* ATCTransitioningDelegate.m */ = {isa = PBXFileReference; fileEncoding = 4; lastKnownFileType = sourcecode.c.objc; path = ATCTransitioningDelegate.m; sourceTree = "<group>"; };
		A41EA5C31AB169E900356BAF /* Prefix.pch */ = {isa = PBXFileReference; fileEncoding = 4; lastKnownFileType = sourcecode.c.h; path = Prefix.pch; sourceTree = "<group>"; };
		A43109DE1AB2A4CD00AF2D80 /* CustomDatePickerActionSheet.h */ = {isa = PBXFileReference; fileEncoding = 4; lastKnownFileType = sourcecode.c.h; path = CustomDatePickerActionSheet.h; sourceTree = "<group>"; };
		A43109DF1AB2A4CD00AF2D80 /* CustomDatePickerActionSheet.m */ = {isa = PBXFileReference; fileEncoding = 4; lastKnownFileType = sourcecode.c.objc; path = CustomDatePickerActionSheet.m; sourceTree = "<group>"; };
		A43109E21AB2A57300AF2D80 /* CustomDatePickerViewController.h */ = {isa = PBXFileReference; fileEncoding = 4; lastKnownFileType = sourcecode.c.h; path = CustomDatePickerViewController.h; sourceTree = "<group>"; };
		A43109E31AB2A57300AF2D80 /* CustomDatePickerViewController.m */ = {isa = PBXFileReference; fileEncoding = 4; lastKnownFileType = sourcecode.c.objc; path = CustomDatePickerViewController.m; sourceTree = "<group>"; };
		A43109E41AB2A57300AF2D80 /* CustomDatePickerViewController.xib */ = {isa = PBXFileReference; fileEncoding = 4; lastKnownFileType = file.xib; path = CustomDatePickerViewController.xib; sourceTree = "<group>"; };
		A43BC60D1ABDA95E00A48D0B /* settingViewController.h */ = {isa = PBXFileReference; fileEncoding = 4; lastKnownFileType = sourcecode.c.h; path = settingViewController.h; sourceTree = "<group>"; };
		A43BC60E1ABDA95E00A48D0B /* settingViewController.m */ = {isa = PBXFileReference; fileEncoding = 4; lastKnownFileType = sourcecode.c.objc; path = settingViewController.m; sourceTree = "<group>"; };
		A43BC60F1ABDA95E00A48D0B /* settingViewController.xib */ = {isa = PBXFileReference; fileEncoding = 4; lastKnownFileType = file.xib; path = settingViewController.xib; sourceTree = "<group>"; };
		A4528DF91AC1325D001E9125 /* FacebookConnection.framework */ = {isa = PBXFileReference; lastKnownFileType = wrapper.framework; path = FacebookConnection.framework; sourceTree = "<group>"; };
		A4528DFA1AC1325D001E9125 /* QQConnection.framework */ = {isa = PBXFileReference; lastKnownFileType = wrapper.framework; path = QQConnection.framework; sourceTree = "<group>"; };
		A4528DFB1AC1325D001E9125 /* QZoneConnection.framework */ = {isa = PBXFileReference; lastKnownFileType = wrapper.framework; path = QZoneConnection.framework; sourceTree = "<group>"; };
		A4528DFC1AC1325D001E9125 /* SinaWeiboConnection.framework */ = {isa = PBXFileReference; lastKnownFileType = wrapper.framework; path = SinaWeiboConnection.framework; sourceTree = "<group>"; };
		A4528DFD1AC1325D001E9125 /* TwitterConnection.framework */ = {isa = PBXFileReference; lastKnownFileType = wrapper.framework; path = TwitterConnection.framework; sourceTree = "<group>"; };
		A4528DFE1AC1325D001E9125 /* WeChatConnection.framework */ = {isa = PBXFileReference; lastKnownFileType = wrapper.framework; path = WeChatConnection.framework; sourceTree = "<group>"; };
		A4528E001AC1325D001E9125 /* AGCommon.framework */ = {isa = PBXFileReference; lastKnownFileType = wrapper.framework; path = AGCommon.framework; sourceTree = "<group>"; };
		A4528E021AC1325D001E9125 /* en */ = {isa = PBXFileReference; lastKnownFileType = text.plist.strings; name = en; path = en.lproj/ShareSDKLocalizable.strings; sourceTree = "<group>"; };
		A4528E031AC1325D001E9125 /* Resource.bundle */ = {isa = PBXFileReference; lastKnownFileType = "wrapper.plug-in"; path = Resource.bundle; sourceTree = "<group>"; };
		A4528E041AC1325D001E9125 /* ShareSDKCoreService.framework */ = {isa = PBXFileReference; lastKnownFileType = wrapper.framework; path = ShareSDKCoreService.framework; sourceTree = "<group>"; };
		A4528E051AC1325D001E9125 /* zh-Hans */ = {isa = PBXFileReference; lastKnownFileType = text.plist.strings; name = "zh-Hans"; path = "zh-Hans.lproj/ShareSDKLocalizable.strings"; sourceTree = "<group>"; };
		A4528E081AC1325D001E9125 /* TencentOpenAPI.framework */ = {isa = PBXFileReference; lastKnownFileType = wrapper.framework; path = TencentOpenAPI.framework; sourceTree = "<group>"; };
		A4528E091AC1325D001E9125 /* TencentOpenApi_IOS_Bundle.bundle */ = {isa = PBXFileReference; lastKnownFileType = "wrapper.plug-in"; path = TencentOpenApi_IOS_Bundle.bundle; sourceTree = "<group>"; };
		A4528E0B1AC1325D001E9125 /* libWeiboSDK.a */ = {isa = PBXFileReference; lastKnownFileType = archive.ar; path = libWeiboSDK.a; sourceTree = "<group>"; };
		A4528E0C1AC1325D001E9125 /* WeiboSDK.bundle */ = {isa = PBXFileReference; lastKnownFileType = "wrapper.plug-in"; path = WeiboSDK.bundle; sourceTree = "<group>"; };
		A4528E0D1AC1325D001E9125 /* WeiboSDK.h */ = {isa = PBXFileReference; fileEncoding = 4; lastKnownFileType = sourcecode.c.h; path = WeiboSDK.h; sourceTree = "<group>"; };
		A4528E0F1AC1325D001E9125 /* libWeChatSDK.a */ = {isa = PBXFileReference; lastKnownFileType = archive.ar; path = libWeChatSDK.a; sourceTree = "<group>"; };
		A4528E101AC1325D001E9125 /* WXApi.h */ = {isa = PBXFileReference; fileEncoding = 4; lastKnownFileType = sourcecode.c.h; path = WXApi.h; sourceTree = "<group>"; };
		A4528E111AC1325D001E9125 /* WXApiObject.h */ = {isa = PBXFileReference; fileEncoding = 4; lastKnownFileType = sourcecode.c.h; path = WXApiObject.h; sourceTree = "<group>"; };
		A4528E121AC1325D001E9125 /* ShareSDK.framework */ = {isa = PBXFileReference; lastKnownFileType = wrapper.framework; path = ShareSDK.framework; sourceTree = "<group>"; };
		A4528E141AC1325D001E9125 /* ShareSDKFlatShareViewUI.bundle */ = {isa = PBXFileReference; lastKnownFileType = "wrapper.plug-in"; path = ShareSDKFlatShareViewUI.bundle; sourceTree = "<group>"; };
		A4528E151AC1325D001E9125 /* ShareSDKFlatShareViewUI.framework */ = {isa = PBXFileReference; lastKnownFileType = wrapper.framework; path = ShareSDKFlatShareViewUI.framework; sourceTree = "<group>"; };
		A4528E161AC1325D001E9125 /* ShareSDKShareActionSheet.framework */ = {isa = PBXFileReference; lastKnownFileType = wrapper.framework; path = ShareSDKShareActionSheet.framework; sourceTree = "<group>"; };
		A4528E2A1AC13292001E9125 /* SystemConfiguration.framework */ = {isa = PBXFileReference; lastKnownFileType = wrapper.framework; name = SystemConfiguration.framework; path = System/Library/Frameworks/SystemConfiguration.framework; sourceTree = SDKROOT; };
		A4528E2C1AC132A0001E9125 /* QuartzCore.framework */ = {isa = PBXFileReference; lastKnownFileType = wrapper.framework; name = QuartzCore.framework; path = System/Library/Frameworks/QuartzCore.framework; sourceTree = SDKROOT; };
		A4528E2E1AC132AB001E9125 /* CoreTelephony.framework */ = {isa = PBXFileReference; lastKnownFileType = wrapper.framework; name = CoreTelephony.framework; path = System/Library/Frameworks/CoreTelephony.framework; sourceTree = SDKROOT; };
		A4528E301AC132B9001E9125 /* libicucore.dylib */ = {isa = PBXFileReference; lastKnownFileType = "compiled.mach-o.dylib"; name = libicucore.dylib; path = usr/lib/libicucore.dylib; sourceTree = SDKROOT; };
		A4528E321AC132C3001E9125 /* libz.1.2.5.dylib */ = {isa = PBXFileReference; lastKnownFileType = "compiled.mach-o.dylib"; name = libz.1.2.5.dylib; path = usr/lib/libz.1.2.5.dylib; sourceTree = SDKROOT; };
		A4528E341AC132CA001E9125 /* Security.framework */ = {isa = PBXFileReference; lastKnownFileType = wrapper.framework; name = Security.framework; path = System/Library/Frameworks/Security.framework; sourceTree = SDKROOT; };
		A4528E361AC132D4001E9125 /* ImageIO.framework */ = {isa = PBXFileReference; lastKnownFileType = wrapper.framework; name = ImageIO.framework; path = System/Library/Frameworks/ImageIO.framework; sourceTree = SDKROOT; };
		A4528E381AC132F1001E9125 /* libstdc++.dylib */ = {isa = PBXFileReference; lastKnownFileType = "compiled.mach-o.dylib"; name = "libstdc++.dylib"; path = "usr/lib/libstdc++.dylib"; sourceTree = SDKROOT; };
		A4528E4B1AC145A5001E9125 /* myTabbarViewController.h */ = {isa = PBXFileReference; fileEncoding = 4; lastKnownFileType = sourcecode.c.h; path = myTabbarViewController.h; sourceTree = "<group>"; };
		A4528E4C1AC145A5001E9125 /* myTabbarViewController.m */ = {isa = PBXFileReference; fileEncoding = 4; lastKnownFileType = sourcecode.c.objc; path = myTabbarViewController.m; sourceTree = "<group>"; };
		A4528E571AC15080001E9125 /* 右翻页.png */ = {isa = PBXFileReference; lastKnownFileType = image.png; path = "右翻页.png"; sourceTree = "<group>"; };
		A4528E581AC15080001E9125 /* 左翻页.png */ = {isa = PBXFileReference; lastKnownFileType = image.png; path = "左翻页.png"; sourceTree = "<group>"; };
		A4528E5B1AC150BA001E9125 /* 100X100红.png */ = {isa = PBXFileReference; lastKnownFileType = image.png; path = "100X100红.png"; sourceTree = "<group>"; };
		A4528E5C1AC150BA001E9125 /* 100X100绿.png */ = {isa = PBXFileReference; lastKnownFileType = image.png; path = "100X100绿.png"; sourceTree = "<group>"; };
		A4528E5D1AC150BA001E9125 /* 提醒-2.png */ = {isa = PBXFileReference; lastKnownFileType = image.png; path = "提醒-2.png"; sourceTree = "<group>"; };
		A4528E5E1AC150BA001E9125 /* 提醒-无.png */ = {isa = PBXFileReference; lastKnownFileType = image.png; path = "提醒-无.png"; sourceTree = "<group>"; };
		A4528E5F1AC150BA001E9125 /* 提醒1.png */ = {isa = PBXFileReference; lastKnownFileType = image.png; path = "提醒1.png"; sourceTree = "<group>"; };
		A4528E651AC155A8001E9125 /* 100 x 100px 圆圈.png */ = {isa = PBXFileReference; lastKnownFileType = image.png; path = "100 x 100px 圆圈.png"; sourceTree = "<group>"; };
		A4528E671AC1673C001E9125 /* 紧迫-无100x100.png */ = {isa = PBXFileReference; lastKnownFileType = image.png; path = "紧迫-无100x100.png"; sourceTree = "<group>"; };
		A4528E681AC1673C001E9125 /* 紧迫100x100.png */ = {isa = PBXFileReference; lastKnownFileType = image.png; path = "紧迫100x100.png"; sourceTree = "<group>"; };
		A4528E691AC1673C001E9125 /* 超前-无100x100.png */ = {isa = PBXFileReference; lastKnownFileType = image.png; path = "超前-无100x100.png"; sourceTree = "<group>"; };
		A4528E6A1AC1673C001E9125 /* 超前100x100.png */ = {isa = PBXFileReference; lastKnownFileType = image.png; path = "超前100x100.png"; sourceTree = "<group>"; };
		A4528E6F1AC16997001E9125 /* 加.png */ = {isa = PBXFileReference; lastKnownFileType = image.png; path = "加.png"; sourceTree = "<group>"; };
		A4528E701AC16997001E9125 /* 设置.png */ = {isa = PBXFileReference; lastKnownFileType = image.png; path = "设置.png"; sourceTree = "<group>"; };
		A460DCA11AB6A29800B526C4 /* GoalObj.h */ = {isa = PBXFileReference; fileEncoding = 4; lastKnownFileType = sourcecode.c.h; path = GoalObj.h; sourceTree = "<group>"; };
		A460DCA21AB6A29800B526C4 /* GoalObj.m */ = {isa = PBXFileReference; fileEncoding = 4; lastKnownFileType = sourcecode.c.objc; path = GoalObj.m; sourceTree = "<group>"; };
		A46E49BB1AAF34B3008B9EF7 /* skip.png */ = {isa = PBXFileReference; lastKnownFileType = image.png; path = skip.png; sourceTree = "<group>"; };
		A47DABEC1AAEBBF60032D2F5 /* globalVar.h */ = {isa = PBXFileReference; fileEncoding = 4; lastKnownFileType = sourcecode.c.h; path = globalVar.h; sourceTree = "<group>"; };
		A47DABEE1AAEC9080032D2F5 /* NSMutableArray+SWUtilityButtons.h */ = {isa = PBXFileReference; fileEncoding = 4; lastKnownFileType = sourcecode.c.h; path = "NSMutableArray+SWUtilityButtons.h"; sourceTree = "<group>"; };
		A47DABEF1AAEC9080032D2F5 /* NSMutableArray+SWUtilityButtons.m */ = {isa = PBXFileReference; fileEncoding = 4; lastKnownFileType = sourcecode.c.objc; path = "NSMutableArray+SWUtilityButtons.m"; sourceTree = "<group>"; };
		A47DABF01AAEC9080032D2F5 /* SWCellScrollView.h */ = {isa = PBXFileReference; fileEncoding = 4; lastKnownFileType = sourcecode.c.h; path = SWCellScrollView.h; sourceTree = "<group>"; };
		A47DABF11AAEC9080032D2F5 /* SWCellScrollView.m */ = {isa = PBXFileReference; fileEncoding = 4; lastKnownFileType = sourcecode.c.objc; path = SWCellScrollView.m; sourceTree = "<group>"; };
		A47DABF21AAEC9080032D2F5 /* SWLongPressGestureRecognizer.h */ = {isa = PBXFileReference; fileEncoding = 4; lastKnownFileType = sourcecode.c.h; path = SWLongPressGestureRecognizer.h; sourceTree = "<group>"; };
		A47DABF31AAEC9080032D2F5 /* SWLongPressGestureRecognizer.m */ = {isa = PBXFileReference; fileEncoding = 4; lastKnownFileType = sourcecode.c.objc; path = SWLongPressGestureRecognizer.m; sourceTree = "<group>"; };
		A47DABF41AAEC9080032D2F5 /* SWTableViewCell.h */ = {isa = PBXFileReference; fileEncoding = 4; lastKnownFileType = sourcecode.c.h; path = SWTableViewCell.h; sourceTree = "<group>"; };
		A47DABF51AAEC9080032D2F5 /* SWTableViewCell.m */ = {isa = PBXFileReference; fileEncoding = 4; lastKnownFileType = sourcecode.c.objc; path = SWTableViewCell.m; sourceTree = "<group>"; };
		A47DABF61AAEC9080032D2F5 /* SWUtilityButtonTapGestureRecognizer.h */ = {isa = PBXFileReference; fileEncoding = 4; lastKnownFileType = sourcecode.c.h; path = SWUtilityButtonTapGestureRecognizer.h; sourceTree = "<group>"; };
		A47DABF71AAEC9080032D2F5 /* SWUtilityButtonTapGestureRecognizer.m */ = {isa = PBXFileReference; fileEncoding = 4; lastKnownFileType = sourcecode.c.objc; path = SWUtilityButtonTapGestureRecognizer.m; sourceTree = "<group>"; };
		A47DABF81AAEC9080032D2F5 /* SWUtilityButtonView.h */ = {isa = PBXFileReference; fileEncoding = 4; lastKnownFileType = sourcecode.c.h; path = SWUtilityButtonView.h; sourceTree = "<group>"; };
		A47DABF91AAEC9080032D2F5 /* SWUtilityButtonView.m */ = {isa = PBXFileReference; fileEncoding = 4; lastKnownFileType = sourcecode.c.objc; path = SWUtilityButtonView.m; sourceTree = "<group>"; };
		A47DAC091AAED6E70032D2F5 /* startNow.png */ = {isa = PBXFileReference; lastKnownFileType = image.png; path = startNow.png; sourceTree = "<group>"; };
		A47DAC0C1AAEEDFA0032D2F5 /* PieSliceLayer.h */ = {isa = PBXFileReference; fileEncoding = 4; lastKnownFileType = sourcecode.c.h; path = PieSliceLayer.h; sourceTree = "<group>"; };
		A47DAC0D1AAEEDFA0032D2F5 /* PieSliceLayer.m */ = {isa = PBXFileReference; fileEncoding = 4; lastKnownFileType = sourcecode.c.objc; path = PieSliceLayer.m; sourceTree = "<group>"; };
		A47DAC0E1AAEEDFA0032D2F5 /* PieView.h */ = {isa = PBXFileReference; fileEncoding = 4; lastKnownFileType = sourcecode.c.h; path = PieView.h; sourceTree = "<group>"; };
		A47DAC0F1AAEEDFA0032D2F5 /* PieView.m */ = {isa = PBXFileReference; fileEncoding = 4; lastKnownFileType = sourcecode.c.objc; path = PieView.m; sourceTree = "<group>"; };
		A47DAC121AAEEE770032D2F5 /* MyCustomTableViewCell.h */ = {isa = PBXFileReference; fileEncoding = 4; lastKnownFileType = sourcecode.c.h; path = MyCustomTableViewCell.h; sourceTree = "<group>"; };
		A47DAC131AAEEE770032D2F5 /* MyCustomTableViewCell.m */ = {isa = PBXFileReference; fileEncoding = 4; lastKnownFileType = sourcecode.c.objc; path = MyCustomTableViewCell.m; sourceTree = "<group>"; };
		A4C327411AB011390062114E /* CycleView.h */ = {isa = PBXFileReference; fileEncoding = 4; lastKnownFileType = sourcecode.c.h; path = CycleView.h; sourceTree = "<group>"; };
		A4C327421AB011390062114E /* CycleView.m */ = {isa = PBXFileReference; fileEncoding = 4; lastKnownFileType = sourcecode.c.objc; path = CycleView.m; sourceTree = "<group>"; };
		A4C327451AB0279E0062114E /* FMDatabase.h */ = {isa = PBXFileReference; fileEncoding = 4; lastKnownFileType = sourcecode.c.h; path = FMDatabase.h; sourceTree = "<group>"; };
		A4C327461AB0279E0062114E /* FMDatabase.m */ = {isa = PBXFileReference; fileEncoding = 4; lastKnownFileType = sourcecode.c.objc; path = FMDatabase.m; sourceTree = "<group>"; };
		A4C327471AB0279E0062114E /* FMDatabaseAdditions.h */ = {isa = PBXFileReference; fileEncoding = 4; lastKnownFileType = sourcecode.c.h; path = FMDatabaseAdditions.h; sourceTree = "<group>"; };
		A4C327481AB0279E0062114E /* FMDatabaseAdditions.m */ = {isa = PBXFileReference; fileEncoding = 4; lastKnownFileType = sourcecode.c.objc; path = FMDatabaseAdditions.m; sourceTree = "<group>"; };
		A4C327491AB0279E0062114E /* FMDatabasePool.h */ = {isa = PBXFileReference; fileEncoding = 4; lastKnownFileType = sourcecode.c.h; path = FMDatabasePool.h; sourceTree = "<group>"; };
		A4C3274A1AB0279E0062114E /* FMDatabasePool.m */ = {isa = PBXFileReference; fileEncoding = 4; lastKnownFileType = sourcecode.c.objc; path = FMDatabasePool.m; sourceTree = "<group>"; };
		A4C3274B1AB0279E0062114E /* FMDatabaseQueue.h */ = {isa = PBXFileReference; fileEncoding = 4; lastKnownFileType = sourcecode.c.h; path = FMDatabaseQueue.h; sourceTree = "<group>"; };
		A4C3274C1AB0279E0062114E /* FMDatabaseQueue.m */ = {isa = PBXFileReference; fileEncoding = 4; lastKnownFileType = sourcecode.c.objc; path = FMDatabaseQueue.m; sourceTree = "<group>"; };
		A4C3274D1AB0279E0062114E /* FMDB.h */ = {isa = PBXFileReference; fileEncoding = 4; lastKnownFileType = sourcecode.c.h; path = FMDB.h; sourceTree = "<group>"; };
		A4C3274E1AB0279E0062114E /* FMResultSet.h */ = {isa = PBXFileReference; fileEncoding = 4; lastKnownFileType = sourcecode.c.h; path = FMResultSet.h; sourceTree = "<group>"; };
		A4C3274F1AB0279E0062114E /* FMResultSet.m */ = {isa = PBXFileReference; fileEncoding = 4; lastKnownFileType = sourcecode.c.objc; path = FMResultSet.m; sourceTree = "<group>"; };
		A4C327551AB027CE0062114E /* libsqlite3.dylib */ = {isa = PBXFileReference; lastKnownFileType = "compiled.mach-o.dylib"; name = libsqlite3.dylib; path = usr/lib/libsqlite3.dylib; sourceTree = SDKROOT; };
		A4C7A8C41AC00C69008588E9 /* en */ = {isa = PBXFileReference; lastKnownFileType = text.plist.strings; name = en; path = en.lproj/UMSocialLocalizable.strings; sourceTree = "<group>"; };
		A4C7A8D11AC00C69008588E9 /* libMobClickLibrary.a */ = {isa = PBXFileReference; lastKnownFileType = archive.ar; path = libMobClickLibrary.a; sourceTree = "<group>"; };
		A4C7A8D31AC00C69008588E9 /* MobClick.h */ = {isa = PBXFileReference; fileEncoding = 4; lastKnownFileType = sourcecode.c.h; path = MobClick.h; sourceTree = "<group>"; };
		A4C7A8ED1AC00C69008588E9 /* zh-Hans */ = {isa = PBXFileReference; lastKnownFileType = text.plist.strings; name = "zh-Hans"; path = "zh-Hans.lproj/UMSocialLocalizable.strings"; sourceTree = "<group>"; };
		A4E2AC941ABB00EB00F06199 /* ThirdVCViewController.h */ = {isa = PBXFileReference; fileEncoding = 4; lastKnownFileType = sourcecode.c.h; path = ThirdVCViewController.h; sourceTree = "<group>"; };
		A4E2AC951ABB00EB00F06199 /* ThirdVCViewController.m */ = {isa = PBXFileReference; fileEncoding = 4; lastKnownFileType = sourcecode.c.objc; path = ThirdVCViewController.m; sourceTree = "<group>"; };
		A4F967E81AAE813800436FE4 /* AnyGoals.app */ = {isa = PBXFileReference; explicitFileType = wrapper.application; includeInIndex = 0; path = AnyGoals.app; sourceTree = BUILT_PRODUCTS_DIR; };
		A4F967EC1AAE813800436FE4 /* Info.plist */ = {isa = PBXFileReference; lastKnownFileType = text.plist.xml; path = Info.plist; sourceTree = "<group>"; };
		A4F967ED1AAE813800436FE4 /* main.m */ = {isa = PBXFileReference; lastKnownFileType = sourcecode.c.objc; path = main.m; sourceTree = "<group>"; };
		A4F967EF1AAE813800436FE4 /* AppDelegate.h */ = {isa = PBXFileReference; lastKnownFileType = sourcecode.c.h; path = AppDelegate.h; sourceTree = "<group>"; };
		A4F967F01AAE813800436FE4 /* AppDelegate.m */ = {isa = PBXFileReference; lastKnownFileType = sourcecode.c.objc; path = AppDelegate.m; sourceTree = "<group>"; };
		A4F967F21AAE813800436FE4 /* FirstViewController.h */ = {isa = PBXFileReference; lastKnownFileType = sourcecode.c.h; path = FirstViewController.h; sourceTree = "<group>"; };
		A4F967F31AAE813800436FE4 /* FirstViewController.m */ = {isa = PBXFileReference; lastKnownFileType = sourcecode.c.objc; path = FirstViewController.m; sourceTree = "<group>"; };
		A4F967F51AAE813800436FE4 /* SecondViewController.h */ = {isa = PBXFileReference; lastKnownFileType = sourcecode.c.h; path = SecondViewController.h; sourceTree = "<group>"; };
		A4F967F61AAE813800436FE4 /* SecondViewController.m */ = {isa = PBXFileReference; lastKnownFileType = sourcecode.c.objc; path = SecondViewController.m; sourceTree = "<group>"; };
		A4F967F91AAE813800436FE4 /* Base */ = {isa = PBXFileReference; lastKnownFileType = file.storyboard; name = Base; path = Base.lproj/Main.storyboard; sourceTree = "<group>"; };
		A4F967FB1AAE813800436FE4 /* Images.xcassets */ = {isa = PBXFileReference; lastKnownFileType = folder.assetcatalog; path = Images.xcassets; sourceTree = "<group>"; };
		A4F967FE1AAE813800436FE4 /* Base */ = {isa = PBXFileReference; lastKnownFileType = file.xib; name = Base; path = Base.lproj/LaunchScreen.xib; sourceTree = "<group>"; };
		A4F968041AAE813800436FE4 /* AnyGoalsTests.xctest */ = {isa = PBXFileReference; explicitFileType = wrapper.cfbundle; includeInIndex = 0; path = AnyGoalsTests.xctest; sourceTree = BUILT_PRODUCTS_DIR; };
		A4F968091AAE813800436FE4 /* Info.plist */ = {isa = PBXFileReference; lastKnownFileType = text.plist.xml; path = Info.plist; sourceTree = "<group>"; };
		A4F9680A1AAE813800436FE4 /* AnyGoalsTests.m */ = {isa = PBXFileReference; lastKnownFileType = sourcecode.c.objc; path = AnyGoalsTests.m; sourceTree = "<group>"; };
		A4F968151AAEBA8200436FE4 /* 0.png */ = {isa = PBXFileReference; lastKnownFileType = image.png; path = 0.png; sourceTree = "<group>"; };
		A4F968161AAEBA8200436FE4 /* 1.png */ = {isa = PBXFileReference; lastKnownFileType = image.png; path = 1.png; sourceTree = "<group>"; };
		A4F968171AAEBA8200436FE4 /* 2.png */ = {isa = PBXFileReference; lastKnownFileType = image.png; path = 2.png; sourceTree = "<group>"; };
		A4F968181AAEBA8200436FE4 /* 3.png */ = {isa = PBXFileReference; lastKnownFileType = image.png; path = 3.png; sourceTree = "<group>"; };
/* End PBXFileReference section */

/* Begin PBXFrameworksBuildPhase section */
		A4F967E51AAE813800436FE4 /* Frameworks */ = {
			isa = PBXFrameworksBuildPhase;
			buildActionMask = 2147483647;
			files = (
				A4C327561AB027CE0062114E /* libsqlite3.dylib in Frameworks */,
				A4528E391AC132F1001E9125 /* libstdc++.dylib in Frameworks */,
				A4528E371AC132D4001E9125 /* ImageIO.framework in Frameworks */,
				A4528E351AC132CA001E9125 /* Security.framework in Frameworks */,
				A4528E331AC132C3001E9125 /* libz.1.2.5.dylib in Frameworks */,
				A4528E311AC132B9001E9125 /* libicucore.dylib in Frameworks */,
				A4528E2F1AC132AB001E9125 /* CoreTelephony.framework in Frameworks */,
				A4528E2D1AC132A0001E9125 /* QuartzCore.framework in Frameworks */,
				A4528E2B1AC13292001E9125 /* SystemConfiguration.framework in Frameworks */,
				A4528E201AC1325D001E9125 /* ShareSDKCoreService.framework in Frameworks */,
				A4528E291AC1325D001E9125 /* ShareSDKShareActionSheet.framework in Frameworks */,
				A4528E181AC1325D001E9125 /* QQConnection.framework in Frameworks */,
				A4528E1C1AC1325D001E9125 /* WeChatConnection.framework in Frameworks */,
				A4528E251AC1325D001E9125 /* libWeChatSDK.a in Frameworks */,
				A4528E1D1AC1325D001E9125 /* AGCommon.framework in Frameworks */,
				A4528E281AC1325D001E9125 /* ShareSDKFlatShareViewUI.framework in Frameworks */,
				A4528E1B1AC1325D001E9125 /* TwitterConnection.framework in Frameworks */,
				A4528E171AC1325D001E9125 /* FacebookConnection.framework in Frameworks */,
				A4528E231AC1325D001E9125 /* libWeiboSDK.a in Frameworks */,
				A4528E261AC1325D001E9125 /* ShareSDK.framework in Frameworks */,
				A4C7A8EF1AC00C69008588E9 /* libMobClickLibrary.a in Frameworks */,
				A4528E211AC1325D001E9125 /* TencentOpenAPI.framework in Frameworks */,
				A4528E1A1AC1325D001E9125 /* SinaWeiboConnection.framework in Frameworks */,
				A4528E191AC1325D001E9125 /* QZoneConnection.framework in Frameworks */,
			);
			runOnlyForDeploymentPostprocessing = 0;
		};
		A4F968011AAE813800436FE4 /* Frameworks */ = {
			isa = PBXFrameworksBuildPhase;
			buildActionMask = 2147483647;
			files = (
			);
			runOnlyForDeploymentPostprocessing = 0;
		};
/* End PBXFrameworksBuildPhase section */

/* Begin PBXGroup section */
		A41EA59C1AB1667100356BAF /* Animation */ = {
			isa = PBXGroup;
			children = (
				A41EA59D1AB1667100356BAF /* ATCAnimatedTransitioning.h */,
				A41EA59E1AB1667100356BAF /* ATCAnimatedTransitioning.m */,
				A41EA59F1AB1667100356BAF /* ATCAnimatedTransitioningBounce.h */,
				A41EA5A01AB1667100356BAF /* ATCAnimatedTransitioningBounce.m */,
				A41EA5A11AB1667100356BAF /* ATCAnimatedTransitioningFade.h */,
				A41EA5A21AB1667100356BAF /* ATCAnimatedTransitioningFade.m */,
				A41EA5A31AB1667100356BAF /* ATCAnimatedTransitioningFloat.h */,
				A41EA5A41AB1667100356BAF /* ATCAnimatedTransitioningFloat.m */,
				A41EA5A51AB1667100356BAF /* ATCAnimatedTransitioningSquish.h */,
				A41EA5A61AB1667100356BAF /* ATCAnimatedTransitioningSquish.m */,
				A41EA5A71AB1667100356BAF /* ATCTransitioningDelegate.h */,
				A41EA5A81AB1667100356BAF /* ATCTransitioningDelegate.m */,
			);
			path = Animation;
			sourceTree = "<group>";
		};
		A43109E11AB2A4D400AF2D80 /* datepicker */ = {
			isa = PBXGroup;
			children = (
				A43109E21AB2A57300AF2D80 /* CustomDatePickerViewController.h */,
				A43109E31AB2A57300AF2D80 /* CustomDatePickerViewController.m */,
				A43109E41AB2A57300AF2D80 /* CustomDatePickerViewController.xib */,
				A43109DE1AB2A4CD00AF2D80 /* CustomDatePickerActionSheet.h */,
				A43109DF1AB2A4CD00AF2D80 /* CustomDatePickerActionSheet.m */,
			);
			name = datepicker;
			sourceTree = "<group>";
		};
		A4528DF71AC1325D001E9125 /* ShareSDK 2 */ = {
			isa = PBXGroup;
			children = (
				A4528DF81AC1325D001E9125 /* Connection */,
				A4528DFF1AC1325D001E9125 /* Core */,
				A4528E061AC1325D001E9125 /* Extend */,
				A4528E121AC1325D001E9125 /* ShareSDK.framework */,
				A4528E131AC1325D001E9125 /* UI */,
			);
			path = "ShareSDK 2";
			sourceTree = "<group>";
		};
		A4528DF81AC1325D001E9125 /* Connection */ = {
			isa = PBXGroup;
			children = (
				A4528DF91AC1325D001E9125 /* FacebookConnection.framework */,
				A4528DFA1AC1325D001E9125 /* QQConnection.framework */,
				A4528DFB1AC1325D001E9125 /* QZoneConnection.framework */,
				A4528DFC1AC1325D001E9125 /* SinaWeiboConnection.framework */,
				A4528DFD1AC1325D001E9125 /* TwitterConnection.framework */,
				A4528DFE1AC1325D001E9125 /* WeChatConnection.framework */,
			);
			path = Connection;
			sourceTree = "<group>";
		};
		A4528DFF1AC1325D001E9125 /* Core */ = {
			isa = PBXGroup;
			children = (
				A4528E001AC1325D001E9125 /* AGCommon.framework */,
				A4528E011AC1325D001E9125 /* ShareSDKLocalizable.strings */,
				A4528E031AC1325D001E9125 /* Resource.bundle */,
				A4528E041AC1325D001E9125 /* ShareSDKCoreService.framework */,
			);
			path = Core;
			sourceTree = "<group>";
		};
		A4528E061AC1325D001E9125 /* Extend */ = {
			isa = PBXGroup;
			children = (
				A4528E071AC1325D001E9125 /* QQConnectSDK */,
				A4528E0A1AC1325D001E9125 /* SinaWeiboSDK */,
				A4528E0E1AC1325D001E9125 /* WeChatSDK */,
			);
			path = Extend;
			sourceTree = "<group>";
		};
		A4528E071AC1325D001E9125 /* QQConnectSDK */ = {
			isa = PBXGroup;
			children = (
				A4528E081AC1325D001E9125 /* TencentOpenAPI.framework */,
				A4528E091AC1325D001E9125 /* TencentOpenApi_IOS_Bundle.bundle */,
			);
			path = QQConnectSDK;
			sourceTree = "<group>";
		};
		A4528E0A1AC1325D001E9125 /* SinaWeiboSDK */ = {
			isa = PBXGroup;
			children = (
				A4528E0B1AC1325D001E9125 /* libWeiboSDK.a */,
				A4528E0C1AC1325D001E9125 /* WeiboSDK.bundle */,
				A4528E0D1AC1325D001E9125 /* WeiboSDK.h */,
			);
			path = SinaWeiboSDK;
			sourceTree = "<group>";
		};
		A4528E0E1AC1325D001E9125 /* WeChatSDK */ = {
			isa = PBXGroup;
			children = (
				A4528E0F1AC1325D001E9125 /* libWeChatSDK.a */,
				A4528E101AC1325D001E9125 /* WXApi.h */,
				A4528E111AC1325D001E9125 /* WXApiObject.h */,
			);
			path = WeChatSDK;
			sourceTree = "<group>";
		};
		A4528E131AC1325D001E9125 /* UI */ = {
			isa = PBXGroup;
			children = (
				A4528E141AC1325D001E9125 /* ShareSDKFlatShareViewUI.bundle */,
				A4528E151AC1325D001E9125 /* ShareSDKFlatShareViewUI.framework */,
				A4528E161AC1325D001E9125 /* ShareSDKShareActionSheet.framework */,
			);
			path = UI;
			sourceTree = "<group>";
		};
		A4528E3A1AC13ECB001E9125 /* accessory */ = {
			isa = PBXGroup;
			children = (
				A4528E6F1AC16997001E9125 /* 加.png */,
				A4528E701AC16997001E9125 /* 设置.png */,
				A4528E651AC155A8001E9125 /* 100 x 100px 圆圈.png */,
				A4528E5B1AC150BA001E9125 /* 100X100红.png */,
				A4528E5C1AC150BA001E9125 /* 100X100绿.png */,
				A4528E5D1AC150BA001E9125 /* 提醒-2.png */,
				A4528E5E1AC150BA001E9125 /* 提醒-无.png */,
				A4528E5F1AC150BA001E9125 /* 提醒1.png */,
				A4528E671AC1673C001E9125 /* 紧迫-无100x100.png */,
				A4528E681AC1673C001E9125 /* 紧迫100x100.png */,
				A4528E691AC1673C001E9125 /* 超前-无100x100.png */,
				A4528E6A1AC1673C001E9125 /* 超前100x100.png */,
				A4528E571AC15080001E9125 /* 右翻页.png */,
				A4528E581AC15080001E9125 /* 左翻页.png */,
			);
			name = accessory;
			sourceTree = "<group>";
		};
		A47DABED1AAEC9080032D2F5 /* swipeCell */ = {
			isa = PBXGroup;
			children = (
				A47DABEE1AAEC9080032D2F5 /* NSMutableArray+SWUtilityButtons.h */,
				A47DABEF1AAEC9080032D2F5 /* NSMutableArray+SWUtilityButtons.m */,
				A47DABF01AAEC9080032D2F5 /* SWCellScrollView.h */,
				A47DABF11AAEC9080032D2F5 /* SWCellScrollView.m */,
				A47DABF21AAEC9080032D2F5 /* SWLongPressGestureRecognizer.h */,
				A47DABF31AAEC9080032D2F5 /* SWLongPressGestureRecognizer.m */,
				A47DABF41AAEC9080032D2F5 /* SWTableViewCell.h */,
				A47DABF51AAEC9080032D2F5 /* SWTableViewCell.m */,
				A47DABF61AAEC9080032D2F5 /* SWUtilityButtonTapGestureRecognizer.h */,
				A47DABF71AAEC9080032D2F5 /* SWUtilityButtonTapGestureRecognizer.m */,
				A47DABF81AAEC9080032D2F5 /* SWUtilityButtonView.h */,
				A47DABF91AAEC9080032D2F5 /* SWUtilityButtonView.m */,
			);
			name = swipeCell;
			path = PodFiles;
			sourceTree = "<group>";
		};
		A47DAC0B1AAEEDFA0032D2F5 /* DrawPie */ = {
			isa = PBXGroup;
			children = (
				A47DAC0C1AAEEDFA0032D2F5 /* PieSliceLayer.h */,
				A47DAC0D1AAEEDFA0032D2F5 /* PieSliceLayer.m */,
				A47DAC0E1AAEEDFA0032D2F5 /* PieView.h */,
				A47DAC0F1AAEEDFA0032D2F5 /* PieView.m */,
			);
			name = DrawPie;
			path = PodFiles/DrawPie;
			sourceTree = "<group>";
		};
		A4C327441AB0279E0062114E /* fmdb */ = {
			isa = PBXGroup;
			children = (
				A4C327451AB0279E0062114E /* FMDatabase.h */,
				A4C327461AB0279E0062114E /* FMDatabase.m */,
				A4C327471AB0279E0062114E /* FMDatabaseAdditions.h */,
				A4C327481AB0279E0062114E /* FMDatabaseAdditions.m */,
				A4C327491AB0279E0062114E /* FMDatabasePool.h */,
				A4C3274A1AB0279E0062114E /* FMDatabasePool.m */,
				A4C3274B1AB0279E0062114E /* FMDatabaseQueue.h */,
				A4C3274C1AB0279E0062114E /* FMDatabaseQueue.m */,
				A4C3274D1AB0279E0062114E /* FMDB.h */,
				A4C3274E1AB0279E0062114E /* FMResultSet.h */,
				A4C3274F1AB0279E0062114E /* FMResultSet.m */,
			);
			path = fmdb;
			sourceTree = "<group>";
		};
		A4C7A8C21AC00C69008588E9 /* UMSocial_Sdk_4.2.1 */ = {
			isa = PBXGroup;
			children = (
				A4C7A8C31AC00C69008588E9 /* UMSocialLocalizable.strings */,
				A4C7A8D11AC00C69008588E9 /* libMobClickLibrary.a */,
				A4C7A8D31AC00C69008588E9 /* MobClick.h */,
			);
			path = UMSocial_Sdk_4.2.1;
			sourceTree = "<group>";
		};
		A4F967DF1AAE813800436FE4 = {
			isa = PBXGroup;
			children = (
				A4528E381AC132F1001E9125 /* libstdc++.dylib */,
				A4528E361AC132D4001E9125 /* ImageIO.framework */,
				A4528E341AC132CA001E9125 /* Security.framework */,
				A4528E321AC132C3001E9125 /* libz.1.2.5.dylib */,
				A4528E301AC132B9001E9125 /* libicucore.dylib */,
				A4528E2E1AC132AB001E9125 /* CoreTelephony.framework */,
				A4528E2C1AC132A0001E9125 /* QuartzCore.framework */,
				A4528E2A1AC13292001E9125 /* SystemConfiguration.framework */,
				A4C327551AB027CE0062114E /* libsqlite3.dylib */,
				A4528DF71AC1325D001E9125 /* ShareSDK 2 */,
				A4C7A8C21AC00C69008588E9 /* UMSocial_Sdk_4.2.1 */,
				A4F967EA1AAE813800436FE4 /* AnyGoals */,
				A4F968071AAE813800436FE4 /* AnyGoalsTests */,
				A4F967E91AAE813800436FE4 /* Products */,
			);
			sourceTree = "<group>";
		};
		A4F967E91AAE813800436FE4 /* Products */ = {
			isa = PBXGroup;
			children = (
				A4F967E81AAE813800436FE4 /* AnyGoals.app */,
				A4F968041AAE813800436FE4 /* AnyGoalsTests.xctest */,
			);
			name = Products;
			sourceTree = "<group>";
		};
		A4F967EA1AAE813800436FE4 /* AnyGoals */ = {
			isa = PBXGroup;
			children = (
				A41CFF571ABB0AC2004326F6 /* UIColor+HexColor.h */,
				A41CFF581ABB0AC2004326F6 /* UIColor+HexColor.m */,
				A41CFF591ABB0AC2004326F6 /* VBPieChart.h */,
				A41CFF5A1ABB0AC2004326F6 /* VBPieChart.m */,
				A41CFF5B1ABB0AC2004326F6 /* VBPiePiece.h */,
				A41CFF5C1ABB0AC2004326F6 /* VBPiePiece.m */,
				A43109E11AB2A4D400AF2D80 /* datepicker */,
				A41EA59C1AB1667100356BAF /* Animation */,
				A4C327441AB0279E0062114E /* fmdb */,
				A47DAC0B1AAEEDFA0032D2F5 /* DrawPie */,
				A47DABED1AAEC9080032D2F5 /* swipeCell */,
				A47DABEC1AAEBBF60032D2F5 /* globalVar.h */,
				A460DCA11AB6A29800B526C4 /* GoalObj.h */,
				A460DCA21AB6A29800B526C4 /* GoalObj.m */,
				A4F967EF1AAE813800436FE4 /* AppDelegate.h */,
				A4F967F01AAE813800436FE4 /* AppDelegate.m */,
				A4F967F21AAE813800436FE4 /* FirstViewController.h */,
				A4F967F31AAE813800436FE4 /* FirstViewController.m */,
				A41EA58E1AB12E9500356BAF /* addGoalViewController.h */,
				A41EA58F1AB12E9500356BAF /* addGoalViewController.m */,
				A41EA5901AB12E9500356BAF /* addGoalViewController.xib */,
				A43BC60D1ABDA95E00A48D0B /* settingViewController.h */,
				A43BC60E1ABDA95E00A48D0B /* settingViewController.m */,
				A43BC60F1ABDA95E00A48D0B /* settingViewController.xib */,
				A4528E4B1AC145A5001E9125 /* myTabbarViewController.h */,
				A4528E4C1AC145A5001E9125 /* myTabbarViewController.m */,
				A4C327411AB011390062114E /* CycleView.h */,
				A4C327421AB011390062114E /* CycleView.m */,
				A47DAC121AAEEE770032D2F5 /* MyCustomTableViewCell.h */,
				A47DAC131AAEEE770032D2F5 /* MyCustomTableViewCell.m */,
				A4E2AC941ABB00EB00F06199 /* ThirdVCViewController.h */,
				A4E2AC951ABB00EB00F06199 /* ThirdVCViewController.m */,
				A4F967F51AAE813800436FE4 /* SecondViewController.h */,
				A4F967F61AAE813800436FE4 /* SecondViewController.m */,
				A4F967F81AAE813800436FE4 /* Main.storyboard */,
				A4F967FB1AAE813800436FE4 /* Images.xcassets */,
				A4F967FD1AAE813800436FE4 /* LaunchScreen.xib */,
				A4F967EB1AAE813800436FE4 /* Supporting Files */,
			);
			path = AnyGoals;
			sourceTree = "<group>";
		};
		A4F967EB1AAE813800436FE4 /* Supporting Files */ = {
			isa = PBXGroup;
			children = (
				A41EA5C31AB169E900356BAF /* Prefix.pch */,
				A4528E3A1AC13ECB001E9125 /* accessory */,
				A4F968141AAEBA7300436FE4 /* teaching image */,
				A4F967EC1AAE813800436FE4 /* Info.plist */,
				A4F967ED1AAE813800436FE4 /* main.m */,
			);
			name = "Supporting Files";
			sourceTree = "<group>";
		};
		A4F968071AAE813800436FE4 /* AnyGoalsTests */ = {
			isa = PBXGroup;
			children = (
				A4F9680A1AAE813800436FE4 /* AnyGoalsTests.m */,
				A4F968081AAE813800436FE4 /* Supporting Files */,
			);
			path = AnyGoalsTests;
			sourceTree = "<group>";
		};
		A4F968081AAE813800436FE4 /* Supporting Files */ = {
			isa = PBXGroup;
			children = (
				A4F968091AAE813800436FE4 /* Info.plist */,
			);
			name = "Supporting Files";
			sourceTree = "<group>";
		};
		A4F968141AAEBA7300436FE4 /* teaching image */ = {
			isa = PBXGroup;
			children = (
				A47DAC091AAED6E70032D2F5 /* startNow.png */,
				A46E49BB1AAF34B3008B9EF7 /* skip.png */,
				A4F968151AAEBA8200436FE4 /* 0.png */,
				A4F968161AAEBA8200436FE4 /* 1.png */,
				A4F968171AAEBA8200436FE4 /* 2.png */,
				A4F968181AAEBA8200436FE4 /* 3.png */,
			);
			name = "teaching image";
			sourceTree = "<group>";
		};
/* End PBXGroup section */

/* Begin PBXNativeTarget section */
		A4F967E71AAE813800436FE4 /* AnyGoals */ = {
			isa = PBXNativeTarget;
			buildConfigurationList = A4F9680E1AAE813800436FE4 /* Build configuration list for PBXNativeTarget "AnyGoals" */;
			buildPhases = (
				A4F967E41AAE813800436FE4 /* Sources */,
				A4F967E51AAE813800436FE4 /* Frameworks */,
				A4F967E61AAE813800436FE4 /* Resources */,
			);
			buildRules = (
			);
			dependencies = (
			);
			name = AnyGoals;
			productName = AnyGoals;
			productReference = A4F967E81AAE813800436FE4 /* AnyGoals.app */;
			productType = "com.apple.product-type.application";
		};
		A4F968031AAE813800436FE4 /* AnyGoalsTests */ = {
			isa = PBXNativeTarget;
			buildConfigurationList = A4F968111AAE813800436FE4 /* Build configuration list for PBXNativeTarget "AnyGoalsTests" */;
			buildPhases = (
				A4F968001AAE813800436FE4 /* Sources */,
				A4F968011AAE813800436FE4 /* Frameworks */,
				A4F968021AAE813800436FE4 /* Resources */,
			);
			buildRules = (
			);
			dependencies = (
				A4F968061AAE813800436FE4 /* PBXTargetDependency */,
			);
			name = AnyGoalsTests;
			productName = AnyGoalsTests;
			productReference = A4F968041AAE813800436FE4 /* AnyGoalsTests.xctest */;
			productType = "com.apple.product-type.bundle.unit-test";
		};
/* End PBXNativeTarget section */

/* Begin PBXProject section */
		A4F967E01AAE813800436FE4 /* Project object */ = {
			isa = PBXProject;
			attributes = {
				LastUpgradeCheck = 0630;
				ORGANIZATIONNAME = "Eric Cao";
				TargetAttributes = {
					A4F967E71AAE813800436FE4 = {
						CreatedOnToolsVersion = 6.1.1;
						DevelopmentTeam = DBBLJY69ER;
					};
					A4F968031AAE813800436FE4 = {
						CreatedOnToolsVersion = 6.1.1;
						TestTargetID = A4F967E71AAE813800436FE4;
					};
				};
			};
			buildConfigurationList = A4F967E31AAE813800436FE4 /* Build configuration list for PBXProject "AnyGoals" */;
			compatibilityVersion = "Xcode 3.2";
			developmentRegion = English;
			hasScannedForEncodings = 0;
			knownRegions = (
				en,
				Base,
				"zh-Hans",
			);
			mainGroup = A4F967DF1AAE813800436FE4;
			productRefGroup = A4F967E91AAE813800436FE4 /* Products */;
			projectDirPath = "";
			projectRoot = "";
			targets = (
				A4F967E71AAE813800436FE4 /* AnyGoals */,
				A4F968031AAE813800436FE4 /* AnyGoalsTests */,
			);
		};
/* End PBXProject section */

/* Begin PBXResourcesBuildPhase section */
		A4F967E61AAE813800436FE4 /* Resources */ = {
			isa = PBXResourcesBuildPhase;
			buildActionMask = 2147483647;
			files = (
				A4528E221AC1325D001E9125 /* TencentOpenApi_IOS_Bundle.bundle in Resources */,
				A4528E591AC15080001E9125 /* 右翻页.png in Resources */,
				A4F9681B1AAEBA8200436FE4 /* 2.png in Resources */,
				A4F968191AAEBA8200436FE4 /* 0.png in Resources */,
				A4528E5A1AC15080001E9125 /* 左翻页.png in Resources */,
				A4528E721AC16997001E9125 /* 设置.png in Resources */,
				A4F967FA1AAE813800436FE4 /* Main.storyboard in Resources */,
				A4528E6E1AC1673C001E9125 /* 超前100x100.png in Resources */,
				A4528E601AC150BA001E9125 /* 100X100红.png in Resources */,
				A4528E271AC1325D001E9125 /* ShareSDKFlatShareViewUI.bundle in Resources */,
				A43BC6111ABDA95E00A48D0B /* settingViewController.xib in Resources */,
				A4528E621AC150BA001E9125 /* 提醒-2.png in Resources */,
				A4528E631AC150BA001E9125 /* 提醒-无.png in Resources */,
				A4528E6D1AC1673C001E9125 /* 超前-无100x100.png in Resources */,
				A41EA5921AB12E9500356BAF /* addGoalViewController.xib in Resources */,
				A4528E641AC150BA001E9125 /* 提醒1.png in Resources */,
				A4528E661AC155A8001E9125 /* 100 x 100px 圆圈.png in Resources */,
				A4F967FF1AAE813800436FE4 /* LaunchScreen.xib in Resources */,
				A4528E1E1AC1325D001E9125 /* ShareSDKLocalizable.strings in Resources */,
				A4F967FC1AAE813800436FE4 /* Images.xcassets in Resources */,
				A46E49BC1AAF34B3008B9EF7 /* skip.png in Resources */,
				A4528E1F1AC1325D001E9125 /* Resource.bundle in Resources */,
				A43109E61AB2A57300AF2D80 /* CustomDatePickerViewController.xib in Resources */,
				A4C7A8EE1AC00C69008588E9 /* UMSocialLocalizable.strings in Resources */,
				A4528E6B1AC1673C001E9125 /* 紧迫-无100x100.png in Resources */,
				A4528E241AC1325D001E9125 /* WeiboSDK.bundle in Resources */,
				A4528E611AC150BA001E9125 /* 100X100绿.png in Resources */,
				A4528E6C1AC1673C001E9125 /* 紧迫100x100.png in Resources */,
				A4528E711AC16997001E9125 /* 加.png in Resources */,
				A47DAC0A1AAED6E70032D2F5 /* startNow.png in Resources */,
				A4F9681C1AAEBA8200436FE4 /* 3.png in Resources */,
				A4F9681A1AAEBA8200436FE4 /* 1.png in Resources */,
			);
			runOnlyForDeploymentPostprocessing = 0;
		};
		A4F968021AAE813800436FE4 /* Resources */ = {
			isa = PBXResourcesBuildPhase;
			buildActionMask = 2147483647;
			files = (
			);
			runOnlyForDeploymentPostprocessing = 0;
		};
/* End PBXResourcesBuildPhase section */

/* Begin PBXSourcesBuildPhase section */
		A4F967E41AAE813800436FE4 /* Sources */ = {
			isa = PBXSourcesBuildPhase;
			buildActionMask = 2147483647;
			files = (
				A47DAC101AAEEDFA0032D2F5 /* PieSliceLayer.m in Sources */,
				A4F967F71AAE813800436FE4 /* SecondViewController.m in Sources */,
				A47DAC141AAEEE770032D2F5 /* MyCustomTableViewCell.m in Sources */,
				A41EA5AE1AB1667100356BAF /* ATCTransitioningDelegate.m in Sources */,
				A4C327501AB0279E0062114E /* FMDatabase.m in Sources */,
				A41EA5AC1AB1667100356BAF /* ATCAnimatedTransitioningFloat.m in Sources */,
				A47DABFD1AAEC9080032D2F5 /* SWTableViewCell.m in Sources */,
				A4C327541AB0279E0062114E /* FMResultSet.m in Sources */,
				A47DABFC1AAEC9080032D2F5 /* SWLongPressGestureRecognizer.m in Sources */,
				A47DABFA1AAEC9080032D2F5 /* NSMutableArray+SWUtilityButtons.m in Sources */,
				A4C327511AB0279E0062114E /* FMDatabaseAdditions.m in Sources */,
				A4528E4D1AC145A5001E9125 /* myTabbarViewController.m in Sources */,
				A41CFF5F1ABB0AC2004326F6 /* VBPiePiece.m in Sources */,
				A4F967F11AAE813800436FE4 /* AppDelegate.m in Sources */,
				A43109E01AB2A4CD00AF2D80 /* CustomDatePickerActionSheet.m in Sources */,
				A41EA5AA1AB1667100356BAF /* ATCAnimatedTransitioningBounce.m in Sources */,
				A41EA5AB1AB1667100356BAF /* ATCAnimatedTransitioningFade.m in Sources */,
				A41CFF5E1ABB0AC2004326F6 /* VBPieChart.m in Sources */,
				A47DABFB1AAEC9080032D2F5 /* SWCellScrollView.m in Sources */,
				A4F967F41AAE813800436FE4 /* FirstViewController.m in Sources */,
				A4E2AC961ABB00EB00F06199 /* ThirdVCViewController.m in Sources */,
				A47DABFF1AAEC9080032D2F5 /* SWUtilityButtonView.m in Sources */,
				A460DCA31AB6A29800B526C4 /* GoalObj.m in Sources */,
				A47DAC111AAEEDFA0032D2F5 /* PieView.m in Sources */,
				A41EA5911AB12E9500356BAF /* addGoalViewController.m in Sources */,
				A47DABFE1AAEC9080032D2F5 /* SWUtilityButtonTapGestureRecognizer.m in Sources */,
				A41EA5AD1AB1667100356BAF /* ATCAnimatedTransitioningSquish.m in Sources */,
				A43109E51AB2A57300AF2D80 /* CustomDatePickerViewController.m in Sources */,
				A41EA5A91AB1667100356BAF /* ATCAnimatedTransitioning.m in Sources */,
				A4F967EE1AAE813800436FE4 /* main.m in Sources */,
				A43BC6101ABDA95E00A48D0B /* settingViewController.m in Sources */,
				A4C327431AB011390062114E /* CycleView.m in Sources */,
				A41CFF5D1ABB0AC2004326F6 /* UIColor+HexColor.m in Sources */,
				A4C327521AB0279E0062114E /* FMDatabasePool.m in Sources */,
				A4C327531AB0279E0062114E /* FMDatabaseQueue.m in Sources */,
			);
			runOnlyForDeploymentPostprocessing = 0;
		};
		A4F968001AAE813800436FE4 /* Sources */ = {
			isa = PBXSourcesBuildPhase;
			buildActionMask = 2147483647;
			files = (
				A4F9680B1AAE813800436FE4 /* AnyGoalsTests.m in Sources */,
			);
			runOnlyForDeploymentPostprocessing = 0;
		};
/* End PBXSourcesBuildPhase section */

/* Begin PBXTargetDependency section */
		A4F968061AAE813800436FE4 /* PBXTargetDependency */ = {
			isa = PBXTargetDependency;
			target = A4F967E71AAE813800436FE4 /* AnyGoals */;
			targetProxy = A4F968051AAE813800436FE4 /* PBXContainerItemProxy */;
		};
/* End PBXTargetDependency section */

/* Begin PBXVariantGroup section */
		A4528E011AC1325D001E9125 /* ShareSDKLocalizable.strings */ = {
			isa = PBXVariantGroup;
			children = (
				A4528E021AC1325D001E9125 /* en */,
				A4528E051AC1325D001E9125 /* zh-Hans */,
			);
			name = ShareSDKLocalizable.strings;
			sourceTree = "<group>";
		};
		A4C7A8C31AC00C69008588E9 /* UMSocialLocalizable.strings */ = {
			isa = PBXVariantGroup;
			children = (
				A4C7A8C41AC00C69008588E9 /* en */,
				A4C7A8ED1AC00C69008588E9 /* zh-Hans */,
			);
			name = UMSocialLocalizable.strings;
			sourceTree = "<group>";
		};
		A4F967F81AAE813800436FE4 /* Main.storyboard */ = {
			isa = PBXVariantGroup;
			children = (
				A4F967F91AAE813800436FE4 /* Base */,
			);
			name = Main.storyboard;
			sourceTree = "<group>";
		};
		A4F967FD1AAE813800436FE4 /* LaunchScreen.xib */ = {
			isa = PBXVariantGroup;
			children = (
				A4F967FE1AAE813800436FE4 /* Base */,
			);
			name = LaunchScreen.xib;
			sourceTree = "<group>";
		};
/* End PBXVariantGroup section */

/* Begin XCBuildConfiguration section */
		A4F9680C1AAE813800436FE4 /* Debug */ = {
			isa = XCBuildConfiguration;
			buildSettings = {
				ALWAYS_SEARCH_USER_PATHS = NO;
				CLANG_CXX_LANGUAGE_STANDARD = "gnu++0x";
				CLANG_CXX_LIBRARY = "libc++";
				CLANG_ENABLE_MODULES = YES;
				CLANG_ENABLE_OBJC_ARC = YES;
				CLANG_WARN_BOOL_CONVERSION = YES;
				CLANG_WARN_CONSTANT_CONVERSION = YES;
				CLANG_WARN_DIRECT_OBJC_ISA_USAGE = YES_ERROR;
				CLANG_WARN_EMPTY_BODY = YES;
				CLANG_WARN_ENUM_CONVERSION = YES;
				CLANG_WARN_INT_CONVERSION = YES;
				CLANG_WARN_OBJC_ROOT_CLASS = YES_ERROR;
				CLANG_WARN_UNREACHABLE_CODE = YES;
				CLANG_WARN__DUPLICATE_METHOD_MATCH = YES;
				"CODE_SIGN_IDENTITY[sdk=iphoneos*]" = "iPhone Developer";
				COPY_PHASE_STRIP = NO;
				ENABLE_STRICT_OBJC_MSGSEND = YES;
				GCC_C_LANGUAGE_STANDARD = gnu99;
				GCC_DYNAMIC_NO_PIC = NO;
				GCC_OPTIMIZATION_LEVEL = 0;
				GCC_PREPROCESSOR_DEFINITIONS = (
					"DEBUG=1",
					"$(inherited)",
				);
				GCC_SYMBOLS_PRIVATE_EXTERN = NO;
				GCC_WARN_64_TO_32_BIT_CONVERSION = YES;
				GCC_WARN_ABOUT_RETURN_TYPE = YES_ERROR;
				GCC_WARN_UNDECLARED_SELECTOR = YES;
				GCC_WARN_UNINITIALIZED_AUTOS = YES_AGGRESSIVE;
				GCC_WARN_UNUSED_FUNCTION = YES;
				GCC_WARN_UNUSED_VARIABLE = YES;
				IPHONEOS_DEPLOYMENT_TARGET = 7.0;
				MTL_ENABLE_DEBUG_INFO = YES;
				ONLY_ACTIVE_ARCH = YES;
				SDKROOT = iphoneos;
			};
			name = Debug;
		};
		A4F9680D1AAE813800436FE4 /* Release */ = {
			isa = XCBuildConfiguration;
			buildSettings = {
				ALWAYS_SEARCH_USER_PATHS = NO;
				CLANG_CXX_LANGUAGE_STANDARD = "gnu++0x";
				CLANG_CXX_LIBRARY = "libc++";
				CLANG_ENABLE_MODULES = YES;
				CLANG_ENABLE_OBJC_ARC = YES;
				CLANG_WARN_BOOL_CONVERSION = YES;
				CLANG_WARN_CONSTANT_CONVERSION = YES;
				CLANG_WARN_DIRECT_OBJC_ISA_USAGE = YES_ERROR;
				CLANG_WARN_EMPTY_BODY = YES;
				CLANG_WARN_ENUM_CONVERSION = YES;
				CLANG_WARN_INT_CONVERSION = YES;
				CLANG_WARN_OBJC_ROOT_CLASS = YES_ERROR;
				CLANG_WARN_UNREACHABLE_CODE = YES;
				CLANG_WARN__DUPLICATE_METHOD_MATCH = YES;
				"CODE_SIGN_IDENTITY[sdk=iphoneos*]" = "iPhone Distribution";
				COPY_PHASE_STRIP = YES;
				ENABLE_NS_ASSERTIONS = NO;
				ENABLE_STRICT_OBJC_MSGSEND = YES;
				GCC_C_LANGUAGE_STANDARD = gnu99;
				GCC_WARN_64_TO_32_BIT_CONVERSION = YES;
				GCC_WARN_ABOUT_RETURN_TYPE = YES_ERROR;
				GCC_WARN_UNDECLARED_SELECTOR = YES;
				GCC_WARN_UNINITIALIZED_AUTOS = YES_AGGRESSIVE;
				GCC_WARN_UNUSED_FUNCTION = YES;
				GCC_WARN_UNUSED_VARIABLE = YES;
				IPHONEOS_DEPLOYMENT_TARGET = 7.0;
				MTL_ENABLE_DEBUG_INFO = NO;
				SDKROOT = iphoneos;
				VALIDATE_PRODUCT = YES;
			};
			name = Release;
		};
		A4F9680F1AAE813800436FE4 /* Debug */ = {
			isa = XCBuildConfiguration;
			buildSettings = {
				ASSETCATALOG_COMPILER_APPICON_NAME = AppIcon;
				ASSETCATALOG_COMPILER_LAUNCHIMAGE_NAME = LaunchImage;
				CODE_SIGN_IDENTITY = "iPhone Developer: CAO GUANGXU (JTX9TS223Q)";
				"CODE_SIGN_IDENTITY[sdk=iphoneos*]" = "iPhone Developer: CAO GUANGXU (JTX9TS223Q)";
				FRAMEWORK_SEARCH_PATHS = (
					"$(inherited)",
					"$(PROJECT_DIR)/UMSocial_Sdk_4.2.1/UMSocial_Sdk_Extra_Frameworks/TencentOpenAPI",
					"$(PROJECT_DIR)/ShareSDK",
					2/Connection,
					"$(PROJECT_DIR)/ShareSDK",
					2/Core,
					"$(PROJECT_DIR)/ShareSDK",
					2/Extend/QQConnectSDK,
					"$(PROJECT_DIR)/ShareSDK",
					2,
					"$(PROJECT_DIR)/ShareSDK",
					2/UI,
				);
				GCC_PRECOMPILE_PREFIX_HEADER = YES;
				GCC_PREFIX_HEADER = AnyGoals/Prefix.pch;
				INFOPLIST_FILE = AnyGoals/Info.plist;
				IPHONEOS_DEPLOYMENT_TARGET = 7.1;
				LD_RUNPATH_SEARCH_PATHS = "$(inherited) @executable_path/Frameworks";
				LIBRARY_SEARCH_PATHS = (
					"$(inherited)",
					"$(PROJECT_DIR)/UMSocial_Sdk_4.2.1",
					"$(PROJECT_DIR)/UMSocial_Sdk_4.2.1/UMSocial_Sdk_Extra_Frameworks/Sina",
					"$(PROJECT_DIR)/UMSocial_Sdk_4.2.1/UMSocial_Sdk_Extra_Frameworks/TencentOpenAPI",
					"$(PROJECT_DIR)/UMSocial_Sdk_4.2.1/UMSocial_Sdk_Extra_Frameworks/Wechat",
					"$(PROJECT_DIR)/UMSocial_Sdk_4.2.1/UMSocial_Sdk_Extra_Frameworks/Facebook",
					"$(PROJECT_DIR)/ShareSDK",
					2/Extend/SinaWeiboSDK,
					"$(PROJECT_DIR)/ShareSDK",
					2/Extend/WeChatSDK,
				);
				OTHER_LDFLAGS = "-ObjC";
				"OTHER_LDFLAGS[arch=*]" = "-ObjC";
				PRODUCT_NAME = "$(TARGET_NAME)";
				PROVISIONING_PROFILE = "8fe151c3-7d30-43cf-aa2e-10b9ead16e1c";
			};
			name = Debug;
		};
		A4F968101AAE813800436FE4 /* Release */ = {
			isa = XCBuildConfiguration;
			buildSettings = {
				ASSETCATALOG_COMPILER_APPICON_NAME = AppIcon;
				ASSETCATALOG_COMPILER_LAUNCHIMAGE_NAME = LaunchImage;
				CODE_SIGN_IDENTITY = "iPhone Distribution: CAO GUANGXU";
				FRAMEWORK_SEARCH_PATHS = (
					"$(inherited)",
					"$(PROJECT_DIR)/UMSocial_Sdk_4.2.1/UMSocial_Sdk_Extra_Frameworks/TencentOpenAPI",
					"$(PROJECT_DIR)/ShareSDK",
					2/Connection,
					"$(PROJECT_DIR)/ShareSDK",
					2/Core,
					"$(PROJECT_DIR)/ShareSDK",
					2/Extend/QQConnectSDK,
					"$(PROJECT_DIR)/ShareSDK",
					2,
					"$(PROJECT_DIR)/ShareSDK",
					2/UI,
				);
				GCC_PRECOMPILE_PREFIX_HEADER = YES;
				GCC_PREFIX_HEADER = AnyGoals/Prefix.pch;
				INFOPLIST_FILE = AnyGoals/Info.plist;
				IPHONEOS_DEPLOYMENT_TARGET = 7.1;
				LD_RUNPATH_SEARCH_PATHS = "$(inherited) @executable_path/Frameworks";
				LIBRARY_SEARCH_PATHS = (
					"$(inherited)",
					"$(PROJECT_DIR)/UMSocial_Sdk_4.2.1",
					"$(PROJECT_DIR)/UMSocial_Sdk_4.2.1/UMSocial_Sdk_Extra_Frameworks/Sina",
					"$(PROJECT_DIR)/UMSocial_Sdk_4.2.1/UMSocial_Sdk_Extra_Frameworks/TencentOpenAPI",
					"$(PROJECT_DIR)/UMSocial_Sdk_4.2.1/UMSocial_Sdk_Extra_Frameworks/Wechat",
					"$(PROJECT_DIR)/UMSocial_Sdk_4.2.1/UMSocial_Sdk_Extra_Frameworks/Sina/Facebook",
					"$(PROJECT_DIR)/UMSocial_Sdk_4.2.1/UMSocial_Sdk_Extra_Frameworks/Facebook",
					"$(PROJECT_DIR)/ShareSDK",
					2/Extend/SinaWeiboSDK,
					"$(PROJECT_DIR)/ShareSDK",
					2/Extend/WeChatSDK,
				);
				OTHER_LDFLAGS = "-ObjC";
				PRODUCT_NAME = "$(TARGET_NAME)";
				PROVISIONING_PROFILE = "1727382e-82f9-4098-8d76-66ac064e2a7b";
			};
			name = Release;
		};
		A4F968121AAE813800436FE4 /* Debug */ = {
			isa = XCBuildConfiguration;
			buildSettings = {
				BUNDLE_LOADER = "$(TEST_HOST)";
				FRAMEWORK_SEARCH_PATHS = (
					"$(SDKROOT)/Developer/Library/Frameworks",
					"$(inherited)",
				);
				GCC_PREPROCESSOR_DEFINITIONS = (
					"DEBUG=1",
					"$(inherited)",
				);
				INFOPLIST_FILE = AnyGoalsTests/Info.plist;
				LD_RUNPATH_SEARCH_PATHS = "$(inherited) @executable_path/Frameworks @loader_path/Frameworks";
				PRODUCT_NAME = "$(TARGET_NAME)";
				TEST_HOST = "$(BUILT_PRODUCTS_DIR)/AnyGoals.app/AnyGoals";
			};
			name = Debug;
		};
		A4F968131AAE813800436FE4 /* Release */ = {
			isa = XCBuildConfiguration;
			buildSettings = {
				BUNDLE_LOADER = "$(TEST_HOST)";
				FRAMEWORK_SEARCH_PATHS = (
					"$(SDKROOT)/Developer/Library/Frameworks",
					"$(inherited)",
				);
				INFOPLIST_FILE = AnyGoalsTests/Info.plist;
				LD_RUNPATH_SEARCH_PATHS = "$(inherited) @executable_path/Frameworks @loader_path/Frameworks";
				PRODUCT_NAME = "$(TARGET_NAME)";
				TEST_HOST = "$(BUILT_PRODUCTS_DIR)/AnyGoals.app/AnyGoals";
			};
			name = Release;
		};
/* End XCBuildConfiguration section */

/* Begin XCConfigurationList section */
		A4F967E31AAE813800436FE4 /* Build configuration list for PBXProject "AnyGoals" */ = {
			isa = XCConfigurationList;
			buildConfigurations = (
				A4F9680C1AAE813800436FE4 /* Debug */,
				A4F9680D1AAE813800436FE4 /* Release */,
			);
			defaultConfigurationIsVisible = 0;
			defaultConfigurationName = Release;
		};
		A4F9680E1AAE813800436FE4 /* Build configuration list for PBXNativeTarget "AnyGoals" */ = {
			isa = XCConfigurationList;
			buildConfigurations = (
				A4F9680F1AAE813800436FE4 /* Debug */,
				A4F968101AAE813800436FE4 /* Release */,
			);
			defaultConfigurationIsVisible = 0;
			defaultConfigurationName = Release;
		};
		A4F968111AAE813800436FE4 /* Build configuration list for PBXNativeTarget "AnyGoalsTests" */ = {
			isa = XCConfigurationList;
			buildConfigurations = (
				A4F968121AAE813800436FE4 /* Debug */,
				A4F968131AAE813800436FE4 /* Release */,
			);
			defaultConfigurationIsVisible = 0;
			defaultConfigurationName = Release;
		};
/* End XCConfigurationList section */
	};
	rootObject = A4F967E01AAE813800436FE4 /* Project object */;
}
